{
  "requires": true,
  "lockfileVersion": 1,
  "dependencies": {
    "ag-charts-angular": {
      "version": "1.2.0",
      "resolved": "https://registry.npmjs.org/ag-charts-angular/-/ag-charts-angular-1.2.0.tgz",
      "integrity": "sha512-x6iRwpG42zHy+o02h20+695yihyjwFkA9NRmj2mPIxw1rg3ylWH2ZyxeLo+iAACWzbgWCoJLle8nigr0PBoPKQ==",
      "requires": {
        "tslib": "^1.9.0"
      }
    },
    "tslib": {
      "version": "1.13.0",
      "resolved": "https://registry.npmjs.org/tslib/-/tslib-1.13.0.tgz",
      "integrity": "sha512-i/6DQjL8Xf3be4K/E6Wgpekn5Qasl1usyw++dAA35Ue5orEn65VIxOA+YvNNl9HV3qv70T7CNwjODHZrLwvd1Q=="
    }
  }
}
